# @generated - this file is auto-generated by `mise lock` https://mise.en.dev/dev-tools/mise-lock.html

[[tools.committed]]
version = "1.1.11"
backend = "aqua:crate-ci/committed"

[tools.committed."platforms.linux-x64"]
checksum = "sha256:1e5c20049eeaa4633e6798283913f92dc90a97f2b5c6dfc28e8c4b7e77a67157"
url = "https://github.com/crate-ci/committed/releases/download/v1.1.11/committed-v1.1.11-x86_64-unknown-linux-musl.tar.gz"
url_api = "https://api.github.com/repos/crate-ci/committed/releases/assets/361544963"

[tools.committed."platforms.linux-x64-musl"]
checksum = "sha256:1e5c20049eeaa4633e6798283913f92dc90a97f2b5c6dfc28e8c4b7e77a67157"
url = "https://github.com/crate-ci/committed/releases/download/v1.1.11/committed-v1.1.11-x86_64-unknown-linux-musl.tar.gz"
url_api = "https://api.github.com/repos/crate-ci/committed/releases/assets/361544963"

[tools.committed."platforms.macos-arm64"]
checksum = "sha256:b1718d951c8a90539ffb7a81145fdadf81c6c9a1f17560be433a74c5b3f7bfca"
url = "https://github.com/crate-ci/committed/releases/download/v1.1.11/committed-v1.1.11-x86_64-apple-darwin.tar.gz"
url_api = "https://api.github.com/repos/crate-ci/committed/releases/assets/361544941"

[tools.committed."platforms.macos-x64"]
checksum = "sha256:b1718d951c8a90539ffb7a81145fdadf81c6c9a1f17560be433a74c5b3f7bfca"
url = "https://github.com/crate-ci/committed/releases/download/v1.1.11/committed-v1.1.11-x86_64-apple-darwin.tar.gz"
url_api = "https://api.github.com/repos/crate-ci/committed/releases/assets/361544941"

[tools.committed."platforms.windows-x64"]
checksum = "sha256:af4f5a65320471751ed1dfbb5502f15f4857cea797b077c6049acb2b995d293b"
url = "https://github.com/crate-ci/committed/releases/download/v1.1.11/committed-v1.1.11-x86_64-pc-windows-msvc.zip"
url_api = "https://api.github.com/repos/crate-ci/committed/releases/assets/361545840"

[[tools.dprint]]
version = "0.56.1"
backend = "aqua:dprint/dprint"

[tools.dprint."platforms.linux-arm64"]
checksum = "sha256:e9dc29baca00edf30d66b1b7a8de490c3a1bda4091bbc7b69f01f4a88db06c01"
url = "https://github.com/dprint/dprint/releases/download/0.56.1/dprint-aarch64-unknown-linux-gnu.zip"
url_api = "https://api.github.com/repos/dprint/dprint/releases/assets/524191407"

[tools.dprint."platforms.linux-arm64-musl"]
checksum = "sha256:6f9541637ff47289409d709e4b006eeed84fd11c212dc029c4d26504a2cae0ff"
url = "https://github.com/dprint/dprint/releases/download/0.56.1/dprint-aarch64-unknown-linux-musl.zip"
url_api = "https://api.github.com/repos/dprint/dprint/releases/assets/524191400"

[tools.dprint."platforms.linux-x64"]
checksum = "sha256:51729ee501593c84e2a2e8233f55959edf2bbd95cbb3998e9f8a81ecad942dba"
url = "https://github.com/dprint/dprint/releases/download/0.56.1/dprint-x86_64-unknown-linux-gnu.zip"
url_api = "https://api.github.com/repos/dprint/dprint/releases/assets/524191408"

[tools.dprint."platforms.linux-x64-musl"]
checksum = "sha256:913032d493340643d6b98ce250a2407c5d0abab8613b3e16a09d92661131425a"
url = "https://github.com/dprint/dprint/releases/download/0.56.1/dprint-x86_64-unknown-linux-musl.zip"
url_api = "https://api.github.com/repos/dprint/dprint/releases/assets/524191404"

[tools.dprint."platforms.macos-arm64"]
checksum = "sha256:c9af77af134987fada60344e8b9f23b2238081f7eea94a7bcd53ec49369354f6"
url = "https://github.com/dprint/dprint/releases/download/0.56.1/dprint-aarch64-apple-darwin.zip"
url_api = "https://api.github.com/repos/dprint/dprint/releases/assets/524191394"

[tools.dprint."platforms.macos-x64"]
checksum = "sha256:f944e33a1bf8f6125eaa5ea77ee8a01db96093a6fb80df127b390f2a106774f7"
url = "https://github.com/dprint/dprint/releases/download/0.56.1/dprint-x86_64-apple-darwin.zip"
url_api = "https://api.github.com/repos/dprint/dprint/releases/assets/524191392"

[tools.dprint."platforms.windows-x64"]
checksum = "sha256:d2c5ee170ff88c0b16ea1f5f214e4d74877c7edb9ca701da5c9851c0c1ef9338"
url = "https://github.com/dprint/dprint/releases/download/0.56.1/dprint-x86_64-pc-windows-msvc.zip"
url_api = "https://api.github.com/repos/dprint/dprint/releases/assets/524191393"

[[tools.lefthook]]
version = "2.1.9"
backend = "aqua:evilmartians/lefthook"

[tools.lefthook."platforms.linux-arm64"]
checksum = "sha256:d1bae1c9c26b35270dd675c93c33cecead885368ed078b3976ec23cdcedd28e8"
url = "https://github.com/evilmartians/lefthook/releases/download/v2.1.9/lefthook_2.1.9_Linux_aarch64.gz"
url_api = "https://api.github.com/repos/evilmartians/lefthook/releases/assets/432862088"
provenance = "github-attestations"

[tools.lefthook."platforms.linux-arm64-musl"]
checksum = "sha256:d1bae1c9c26b35270dd675c93c33cecead885368ed078b3976ec23cdcedd28e8"
url = "https://github.com/evilmartians/lefthook/releases/download/v2.1.9/lefthook_2.1.9_Linux_aarch64.gz"
url_api = "https://api.github.com/repos/evilmartians/lefthook/releases/assets/432862088"
provenance = "github-attestations"

[tools.lefthook."platforms.linux-x64"]
checksum = "sha256:e938f34bd05bafe1155888879a045ef4ee8cf5b4a56c9e5e9b0c2649f295636e"
url = "https://github.com/evilmartians/lefthook/releases/download/v2.1.9/lefthook_2.1.9_Linux_x86_64.gz"
url_api = "https://api.github.com/repos/evilmartians/lefthook/releases/assets/432862064"
provenance = "github-attestations"

[tools.lefthook."platforms.linux-x64-musl"]
checksum = "sha256:e938f34bd05bafe1155888879a045ef4ee8cf5b4a56c9e5e9b0c2649f295636e"
url = "https://github.com/evilmartians/lefthook/releases/download/v2.1.9/lefthook_2.1.9_Linux_x86_64.gz"
url_api = "https://api.github.com/repos/evilmartians/lefthook/releases/assets/432862064"
provenance = "github-attestations"

[tools.lefthook."platforms.macos-arm64"]
checksum = "sha256:808f8ef81a61e01eb41c1a2951e5639804f2372dc6a484bbeff726406745c77f"
url = "https://github.com/evilmartians/lefthook/releases/download/v2.1.9/lefthook_2.1.9_MacOS_arm64.gz"
url_api = "https://api.github.com/repos/evilmartians/lefthook/releases/assets/432862040"
provenance = "github-attestations"

[tools.lefthook."platforms.macos-x64"]
checksum = "sha256:371c3c75cb07a8cdf41295596d3981adc1f92dee7795001f7d471e1f36fe2a0e"
url = "https://github.com/evilmartians/lefthook/releases/download/v2.1.9/lefthook_2.1.9_MacOS_x86_64.gz"
url_api = "https://api.github.com/repos/evilmartians/lefthook/releases/assets/432862047"
provenance = "github-attestations"

[tools.lefthook."platforms.windows-x64"]
checksum = "sha256:1f29681dfbc36b9bdde52139cca6c4668ea4d51fd81e9127a3b78f49369db67e"
url = "https://github.com/evilmartians/lefthook/releases/download/v2.1.9/lefthook_2.1.9_Windows_x86_64.gz"
url_api = "https://api.github.com/repos/evilmartians/lefthook/releases/assets/432862077"
provenance = "github-attestations"

[[tools.ruff]]
version = "0.16.1"
backend = "aqua:astral-sh/ruff"

[tools.ruff."platforms.linux-arm64"]
checksum = "sha256:5929d9f37fc518a3825f33a76ad8092c0555ca045ca1dbf5e680038a402c840c"
url = "https://github.com/astral-sh/ruff/releases/download/0.16.1/ruff-aarch64-unknown-linux-musl.tar.gz"
url_api = "https://api.github.com/repos/astral-sh/ruff/releases/assets/495779006"
provenance = "github-attestations"

[tools.ruff."platforms.linux-arm64-musl"]
checksum = "sha256:5929d9f37fc518a3825f33a76ad8092c0555ca045ca1dbf5e680038a402c840c"
url = "https://github.com/astral-sh/ruff/releases/download/0.16.1/ruff-aarch64-unknown-linux-musl.tar.gz"
url_api = "https://api.github.com/repos/astral-sh/ruff/releases/assets/495779006"
provenance = "github-attestations"

[tools.ruff."platforms.linux-x64"]
checksum = "sha256:23469683052cd2db1589f15032dd1751b2a3f212062e9fc901b0776d25fb36bc"
url = "https://github.com/astral-sh/ruff/releases/download/0.16.1/ruff-x86_64-unknown-linux-musl.tar.gz"
url_api = "https://api.github.com/repos/astral-sh/ruff/releases/assets/495779139"
provenance = "github-attestations"

[tools.ruff."platforms.linux-x64-musl"]
checksum = "sha256:23469683052cd2db1589f15032dd1751b2a3f212062e9fc901b0776d25fb36bc"
url = "https://github.com/astral-sh/ruff/releases/download/0.16.1/ruff-x86_64-unknown-linux-musl.tar.gz"
url_api = "https://api.github.com/repos/astral-sh/ruff/releases/assets/495779139"
provenance = "github-attestations"

[tools.ruff."platforms.macos-arm64"]
checksum = "sha256:a8df4e8e9f22e3b0ae0b9f165ddaafb7e34df692197a6c1a361e7426f90681d5"
url = "https://github.com/astral-sh/ruff/releases/download/0.16.1/ruff-aarch64-apple-darwin.tar.gz"
url_api = "https://api.github.com/repos/astral-sh/ruff/releases/assets/495778992"
provenance = "github-attestations"

[tools.ruff."platforms.macos-x64"]
checksum = "sha256:00396fb9db4cb04e07ad277e6b10d845e6767f0a2aae67e1a57aa65fa01334f0"
url = "https://github.com/astral-sh/ruff/releases/download/0.16.1/ruff-x86_64-apple-darwin.tar.gz"
url_api = "https://api.github.com/repos/astral-sh/ruff/releases/assets/495779121"
provenance = "github-attestations"

[tools.ruff."platforms.windows-x64"]
checksum = "sha256:f37898d133acba7df8cbd130abc3b58b98243d7f3ab751087193dde8887955c4"
url = "https://github.com/astral-sh/ruff/releases/download/0.16.1/ruff-x86_64-pc-windows-msvc.zip"
url_api = "https://api.github.com/repos/astral-sh/ruff/releases/assets/495779128"
provenance = "github-attestations"

[[tools.rumdl]]
version = "0.2.12"
backend = "aqua:rvben/rumdl"

[tools.rumdl."platforms.linux-arm64"]
checksum = "sha256:1038e064e6fee7f31a278899e60638f1d3bdad8f2efd751edd67a2da3c7b38b2"
url = "https://github.com/rvben/rumdl/releases/download/v0.2.12/rumdl-v0.2.12-aarch64-unknown-linux-musl.tar.gz"
url_api = "https://api.github.com/repos/rvben/rumdl/releases/assets/443978852"
provenance = "github-attestations"

[tools.rumdl."platforms.linux-arm64-musl"]
checksum = "sha256:1038e064e6fee7f31a278899e60638f1d3bdad8f2efd751edd67a2da3c7b38b2"
url = "https://github.com/rvben/rumdl/releases/download/v0.2.12/rumdl-v0.2.12-aarch64-unknown-linux-musl.tar.gz"
url_api = "https://api.github.com/repos/rvben/rumdl/releases/assets/443978852"
provenance = "github-attestations"

[tools.rumdl."platforms.linux-x64"]
checksum = "sha256:0b1ba634723da8400704b987464caf1e4934d859ab7dee7757f1934664b3df54"
url = "https://github.com/rvben/rumdl/releases/download/v0.2.12/rumdl-v0.2.12-x86_64-unknown-linux-musl.tar.gz"
url_api = "https://api.github.com/repos/rvben/rumdl/releases/assets/443978854"
provenance = "github-attestations"

[tools.rumdl."platforms.linux-x64-musl"]
checksum = "sha256:0b1ba634723da8400704b987464caf1e4934d859ab7dee7757f1934664b3df54"
url = "https://github.com/rvben/rumdl/releases/download/v0.2.12/rumdl-v0.2.12-x86_64-unknown-linux-musl.tar.gz"
url_api = "https://api.github.com/repos/rvben/rumdl/releases/assets/443978854"
provenance = "github-attestations"

[tools.rumdl."platforms.macos-arm64"]
checksum = "sha256:bd07a167c7b7ba713a4f3726ab5761508f756e7c627da236fa0e611fbd14d5cd"
url = "https://github.com/rvben/rumdl/releases/download/v0.2.12/rumdl-v0.2.12-aarch64-apple-darwin.tar.gz"
url_api = "https://api.github.com/repos/rvben/rumdl/releases/assets/443978858"
provenance = "github-attestations"

[tools.rumdl."platforms.macos-x64"]
checksum = "sha256:fe28c87b76a6cbd785f122d035d13375c570a8f2f22ed811193796682e2b707f"
url = "https://github.com/rvben/rumdl/releases/download/v0.2.12/rumdl-v0.2.12-x86_64-apple-darwin.tar.gz"
url_api = "https://api.github.com/repos/rvben/rumdl/releases/assets/443978853"
provenance = "github-attestations"

[tools.rumdl."platforms.windows-x64"]
checksum = "sha256:bfbdf0f9148dfee8c4e30048aa599ec2d904e059222254ef3711269b20b35582"
url = "https://github.com/rvben/rumdl/releases/download/v0.2.12/rumdl-v0.2.12-x86_64-pc-windows-msvc.zip"
url_api = "https://api.github.com/repos/rvben/rumdl/releases/assets/443978863"
provenance = "github-attestations"

[[tools.typos]]
version = "1.48.0"
backend = "aqua:crate-ci/typos"

[tools.typos."platforms.linux-arm64"]
checksum = "sha256:2960ae07bc1ffe19e4895e4359394dd349c9c31de78aac3a124b6e4aeb206698"
url = "https://github.com/crate-ci/typos/releases/download/v1.48.0/typos-v1.48.0-aarch64-unknown-linux-musl.tar.gz"
url_api = "https://api.github.com/repos/crate-ci/typos/releases/assets/462429655"

[tools.typos."platforms.linux-arm64-musl"]
checksum = "sha256:2960ae07bc1ffe19e4895e4359394dd349c9c31de78aac3a124b6e4aeb206698"
url = "https://github.com/crate-ci/typos/releases/download/v1.48.0/typos-v1.48.0-aarch64-unknown-linux-musl.tar.gz"
url_api = "https://api.github.com/repos/crate-ci/typos/releases/assets/462429655"

[tools.typos."platforms.linux-x64"]
checksum = "sha256:72a930c9a94fc3914aa56835c5b859c892a797d40c1c42638b98d93f16ff519c"
url = "https://github.com/crate-ci/typos/releases/download/v1.48.0/typos-v1.48.0-x86_64-unknown-linux-musl.tar.gz"
url_api = "https://api.github.com/repos/crate-ci/typos/releases/assets/462429902"

[tools.typos."platforms.linux-x64-musl"]
checksum = "sha256:72a930c9a94fc3914aa56835c5b859c892a797d40c1c42638b98d93f16ff519c"
url = "https://github.com/crate-ci/typos/releases/download/v1.48.0/typos-v1.48.0-x86_64-unknown-linux-musl.tar.gz"
url_api = "https://api.github.com/repos/crate-ci/typos/releases/assets/462429902"

[tools.typos."platforms.macos-arm64"]
checksum = "sha256:7dcaf386ec255995dcbaf629641f961574b7e8785203921115eab75cbf1ca107"
url = "https://github.com/crate-ci/typos/releases/download/v1.48.0/typos-v1.48.0-aarch64-apple-darwin.tar.gz"
url_api = "https://api.github.com/repos/crate-ci/typos/releases/assets/462430254"

[tools.typos."platforms.macos-x64"]
checksum = "sha256:f4335c255db3d57374484e0e96505c8910c0e2fa6d8813b15de529c98f93b1a9"
url = "https://github.com/crate-ci/typos/releases/download/v1.48.0/typos-v1.48.0-x86_64-apple-darwin.tar.gz"
url_api = "https://api.github.com/repos/crate-ci/typos/releases/assets/462431306"

[tools.typos."platforms.windows-x64"]
checksum = "sha256:ce018a2352da7c1b23bd2684019ee279d2080dc063087020e80c1247d11b0743"
url = "https://github.com/crate-ci/typos/releases/download/v1.48.0/typos-v1.48.0-x86_64-pc-windows-msvc.zip"
url_api = "https://api.github.com/repos/crate-ci/typos/releases/assets/462430871"
